<?xml version="1.0" encoding="utf-8"?>
<Project ToolsVersion="4.0" xmlns="http://schemas.microsoft.com/developer/msbuild/2003">
  <ItemGroup>
    <ClCompile Include="{CppFileName}" />
    <ClCompile Include=".\OpaqueWrapper.cpp">
      <Filter>NodeRT Common</Filter>
    </ClCompile>
    <ClCompile Include=".\NodeRtUtils.cpp">
      <Filter>NodeRT Common</Filter>
    </ClCompile>
  </ItemGroup>
  <ItemGroup>
    <ClInclude Include=".\CollectionsWrap.h">
      <Filter>NodeRT Common</Filter>
    </ClInclude>
    <ClInclude Include=".\node-async.h">
      <Filter>NodeRT Common</Filter>
    </ClInclude>
    <ClInclude Include=".\NodeRtUtils.h">
      <Filter>NodeRT Common</Filter>
    </ClInclude>
    <ClInclude Include=".\WrapperBase.h">
      <Filter>NodeRT Common</Filter>
    </ClInclude>
    <ClInclude Include=".\OpaqueWrapper.h">
      <Filter>NodeRT Common</Filter>
    </ClInclude>
  </ItemGroup>
  <ItemGroup>
    <Filter Include="NodeRT Common">
      <UniqueIdentifier>{b290a503-6c19-450a-84b4-c3cdca44c6a6}</UniqueIdentifier>
    </Filter>
    <Filter Include="Node Package Files">
      <UniqueIdentifier>{3723d122-bf17-4210-bca8-d0e20130bf4f}</UniqueIdentifier>
    </Filter>
  </ItemGroup>
  <ItemGroup>
    <None Include="package.json">
      <Filter>Node Package Files</Filter>
    </None>
    <None Include="README.md">
      <Filter>Node Package Files</Filter>
    </None>
    <None Include="lib\main.js">
      <Filter>Node Package Files</Filter>
    </None>
  </ItemGroup>
</Project>