
Microsoft Visual Studio Solution File, Format Version 12.00
# Visual Studio 2013
VisualStudioVersion = 12.0.21005.1
MinimumVisualStudioVersion = 10.0.40219.1
Project("{FAE04EC0-301F-11D3-BF4B-00C04F79EFBC}") = "NodeRTCmd", "NodeRTCmd\NodeRTCmd.csproj", "{E2B7205A-D21F-4EDC-947B-F9B1B35DC988}"
EndProject
Project("{FAE04EC0-301F-11D3-BF4B-00C04F79EFBC}") = "NodeRTLib", "NodeRTLib\NodeRTLib.csproj", "{8B785E90-8642-41CC-9859-8FC0D2AB7D57}"
EndProject
Project("{FAE04EC0-301F-11D3-BF4B-00C04F79EFBC}") = "NodeRTUI", "NodeRTUI\NodeRTUI.csproj", "{E3C8CF58-6AA0-42F1-8363-835958CC6D2B}"
EndProject
Project("{2150E333-8FDC-42A3-9474-1A3956D46DE8}") = "Solution Items", "Solution Items", "{6A8FB495-9501-42EC-ABF4-AB02805BB5E7}"
EndProject
Global
	GlobalSection(SolutionConfigurationPlatforms) = preSolution
		Debug|Any CPU = Debug|Any CPU
		Release|Any CPU = Release|Any CPU
	EndGlobalSection
	GlobalSection(ProjectConfigurationPlatforms) = postSolution
		{E2B7205A-D21F-4EDC-947B-F9B1B35DC988}.Debug|Any CPU.ActiveCfg = Debug|Any CPU
		{E2B7205A-D21F-4EDC-947B-F9B1B35DC988}.Debug|Any CPU.Build.0 = Debug|Any CPU
		{E2B7205A-D21F-4EDC-947B-F9B1B35DC988}.Release|Any CPU.ActiveCfg = Release|Any CPU
		{E2B7205A-D21F-4EDC-947B-F9B1B35DC988}.Release|Any CPU.Build.0 = Release|Any CPU
		{8B785E90-8642-41CC-9859-8FC0D2AB7D57}.Debug|Any CPU.ActiveCfg = Debug|Any CPU
		{8B785E90-8642-41CC-9859-8FC0D2AB7D57}.Debug|Any CPU.Build.0 = Debug|Any CPU
		{8B785E90-8642-41CC-9859-8FC0D2AB7D57}.Release|Any CPU.ActiveCfg = Release|Any CPU
		{8B785E90-8642-41CC-9859-8FC0D2AB7D57}.Release|Any CPU.Build.0 = Release|Any CPU
		{E3C8CF58-6AA0-42F1-8363-835958CC6D2B}.Debug|Any CPU.ActiveCfg = Debug|Any CPU
		{E3C8CF58-6AA0-42F1-8363-835958CC6D2B}.Debug|Any CPU.Build.0 = Debug|Any CPU
		{E3C8CF58-6AA0-42F1-8363-835958CC6D2B}.Release|Any CPU.ActiveCfg = Release|Any CPU
		{E3C8CF58-6AA0-42F1-8363-835958CC6D2B}.Release|Any CPU.Build.0 = Release|Any CPU
	EndGlobalSection
	GlobalSection(SolutionProperties) = preSolution
		HideSolutionNode = FALSE
	EndGlobalSection
EndGlobal
